
Microsoft Visual Studio Solution File, Format Version 12.00
# Visual Studio Version 17
VisualStudioVersion = 17.5.33103.201
MinimumVisualStudioVersion = 10.0.40219.1
Project("{FAE04EC0-301F-11D3-BF4B-00C04F79EFBC}") = "Currying", "Currying\Currying.csproj", "{11AEB099-593E-4B05-B4C7-687E4DCFB957}"
EndProject
Project("{FAE04EC0-301F-11D3-BF4B-00C04F79EFBC}") = "CurryingTests", "CurryingTests\CurryingTests.csproj", "{3792C71A-C35D-4F48-92C7-DB6DC40C9800}"
EndProject
Global
	GlobalSection(SolutionConfigurationPlatforms) = preSolution
		Debug|Any CPU = Debug|Any CPU
		Release|Any CPU = Release|Any CPU
	EndGlobalSection
	GlobalSection(ProjectConfigurationPlatforms) = postSolution
		{11AEB099-593E-4B05-B4C7-687E4DCFB957}.Debug|Any CPU.ActiveCfg = Debug|Any CPU
		{11AEB099-593E-4B05-B4C7-687E4DCFB957}.Debug|Any CPU.Build.0 = Debug|Any CPU
		{11AEB099-593E-4B05-B4C7-687E4DCFB957}.Release|Any CPU.ActiveCfg = Release|Any CPU
		{11AEB099-593E-4B05-B4C7-687E4DCFB957}.Release|Any CPU.Build.0 = Release|Any CPU
		{3792C71A-C35D-4F48-92C7-DB6DC40C9800}.Debug|Any CPU.ActiveCfg = Debug|Any CPU
		{3792C71A-C35D-4F48-92C7-DB6DC40C9800}.Debug|Any CPU.Build.0 = Debug|Any CPU
		{3792C71A-C35D-4F48-92C7-DB6DC40C9800}.Release|Any CPU.ActiveCfg = Release|Any CPU
		{3792C71A-C35D-4F48-92C7-DB6DC40C9800}.Release|Any CPU.Build.0 = Release|Any CPU
	EndGlobalSection
	GlobalSection(SolutionProperties) = preSolution
		HideSolutionNode = FALSE
	EndGlobalSection
	GlobalSection(ExtensibilityGlobals) = postSolution
		SolutionGuid = {204C940B-21FF-4857-A5AC-13D348F06078}
	EndGlobalSection
EndGlobal
